// !$*UTF8*$!
{
	archiveVersion = 1;
	classes = {
	};
	objectVersion = 56;
	objects = {

/* Begin PBXBuildFile section */
		0C4F471A29A2B00A0052E637 /* AddColorView.swift in Sources */ = {isa = PBXBuildFile; fileRef = 0C4F471929A2B00A0052E637 /* AddColorView.swift */; };
		0C56748129A81012005F9018 /* ColorInputView.swift in Sources */ = {isa = PBXBuildFile; fileRef = 0C56748029A81012005F9018 /* ColorInputView.swift */; };
		0C69114329A2DEF100ED8CA4 /* AddPaletteView.swift in Sources */ = {isa = PBXBuildFile; fileRef = 0C69114229A2DEF100ED8CA4 /* AddPaletteView.swift */; };
		0CA4AA86299FDD570007DC7A /* Color_PickerApp.swift in Sources */ = {isa = PBXBuildFile; fileRef = 0CA4AA85299FDD570007DC7A /* Color_PickerApp.swift */; };
		0CA4AA88299FDD570007DC7A /* MenuView.swift in Sources */ = {isa = PBXBuildFile; fileRef = 0CA4AA87299FDD570007DC7A /* MenuView.swift */; };
		0CA4AA8A299FDD580007DC7A /* Assets.xcassets in Resources */ = {isa = PBXBuildFile; fileRef = 0CA4AA89299FDD580007DC7A /* Assets.xcassets */; };
		0CA4AA8E299FDD580007DC7A /* Preview Assets.xcassets in Resources */ = {isa = PBXBuildFile; fileRef = 0CA4AA8D299FDD580007DC7A /* Preview Assets.xcassets */; };
		0CA4AA98299FE3B80007DC7A /* Picker.swift in Sources */ = {isa = PBXBuildFile; fileRef = 0CA4AA97299FE3B80007DC7A /* Picker.swift */; };
		0CA4AA9B299FE3CD0007DC7A /* PickerViewModel.swift in Sources */ = {isa = PBXBuildFile; fileRef = 0CA4AA9A299FE3CD0007DC7A /* PickerViewModel.swift */; };
		0CA4AA9D299FE3E40007DC7A /* PickerView.swift in Sources */ = {isa = PBXBuildFile; fileRef = 0CA4AA9C299FE3E40007DC7A /* PickerView.swift */; };
		0CCAE6FB29A01FB600FE3B78 /* PaletteView.swift in Sources */ = {isa = PBXBuildFile; fileRef = 0CCAE6FA29A01FB600FE3B78 /* PaletteView.swift */; };
		0CCAE6FD29A01FBE00FE3B78 /* ColorView.swift in Sources */ = {isa = PBXBuildFile; fileRef = 0CCAE6FC29A01FBE00FE3B78 /* ColorView.swift */; };
		0CCAE6FF29A01FD300FE3B78 /* Colors.swift in Sources */ = {isa = PBXBuildFile; fileRef = 0CCAE6FE29A01FD300FE3B78 /* Colors.swift */; };
		0CF6024E29A6952300C5F691 /* RenameColorView.swift in Sources */ = {isa = PBXBuildFile; fileRef = 0CF6024D29A6952300C5F691 /* RenameColorView.swift */; };
/* End PBXBuildFile section */

/* Begin PBXFileReference section */
		0C4F471929A2B00A0052E637 /* AddColorView.swift */ = {isa = PBXFileReference; lastKnownFileType = sourcecode.swift; path = AddColorView.swift; sourceTree = "<group>"; };
		0C56748029A81012005F9018 /* ColorInputView.swift */ = {isa = PBXFileReference; lastKnownFileType = sourcecode.swift; path = ColorInputView.swift; sourceTree = "<group>"; };
		0C69114229A2DEF100ED8CA4 /* AddPaletteView.swift */ = {isa = PBXFileReference; lastKnownFileType = sourcecode.swift; path = AddPaletteView.swift; sourceTree = "<group>"; };
		0CA4AA82299FDD570007DC7A /* Color Picker.app */ = {isa = PBXFileReference; explicitFileType = wrapper.application; includeInIndex = 0; path = "Color Picker.app"; sourceTree = BUILT_PRODUCTS_DIR; };
		0CA4AA85299FDD570007DC7A /* Color_PickerApp.swift */ = {isa = PBXFileReference; lastKnownFileType = sourcecode.swift; path = Color_PickerApp.swift; sourceTree = "<group>"; };
		0CA4AA87299FDD570007DC7A /* MenuView.swift */ = {isa = PBXFileReference; lastKnownFileType = sourcecode.swift; path = MenuView.swift; sourceTree = "<group>"; };
		0CA4AA89299FDD580007DC7A /* Assets.xcassets */ = {isa = PBXFileReference; lastKnownFileType = folder.assetcatalog; path = Assets.xcassets; sourceTree = "<group>"; };
		0CA4AA8B299FDD580007DC7A /* Color_Picker.entitlements */ = {isa = PBXFileReference; lastKnownFileType = text.plist.entitlements; path = Color_Picker.entitlements; sourceTree = "<group>"; };
		0CA4AA8D299FDD580007DC7A /* Preview Assets.xcassets */ = {isa = PBXFileReference; lastKnownFileType = folder.assetcatalog; path = "Preview Assets.xcassets"; sourceTree = "<group>"; };
		0CA4AA97299FE3B80007DC7A /* Picker.swift */ = {isa = PBXFileReference; lastKnownFileType = sourcecode.swift; path = Picker.swift; sourceTree = "<group>"; };
		0CA4AA9A299FE3CD0007DC7A /* PickerViewModel.swift */ = {isa = PBXFileReference; lastKnownFileType = sourcecode.swift; path = PickerViewModel.swift; sourceTree = "<group>"; };
		0CA4AA9C299FE3E40007DC7A /* PickerView.swift */ = {isa = PBXFileReference; lastKnownFileType = sourcecode.swift; path = PickerView.swift; sourceTree = "<group>"; };
		0CCAE6FA29A01FB600FE3B78 /* PaletteView.swift */ = {isa = PBXFileReference; lastKnownFileType = sourcecode.swift; path = PaletteView.swift; sourceTree = "<group>"; };
		0CCAE6FC29A01FBE00FE3B78 /* ColorView.swift */ = {isa = PBXFileReference; lastKnownFileType = sourcecode.swift; path = ColorView.swift; sourceTree = "<group>"; };
		0CCAE6FE29A01FD300FE3B78 /* Colors.swift */ = {isa = PBXFileReference; lastKnownFileType = sourcecode.swift; path = Colors.swift; sourceTree = "<group>"; };
		0CF6024D29A6952300C5F691 /* RenameColorView.swift */ = {isa = PBXFileReference; lastKnownFileType = sourcecode.swift; path = RenameColorView.swift; sourceTree = "<group>"; };
/* End PBXFileReference section */

/* Begin PBXFrameworksBuildPhase section */
		0CA4AA7F299FDD570007DC7A /* Frameworks */ = {
			isa = PBXFrameworksBuildPhase;
			buildActionMask = 2147483647;
			files = (
			);
			runOnlyForDeploymentPostprocessing = 0;
		};
/* End PBXFrameworksBuildPhase section */

/* Begin PBXGroup section */
		0CA4AA79299FDD570007DC7A = {
			isa = PBXGroup;
			children = (
				0CA4AA84299FDD570007DC7A /* Color Picker */,
				0CA4AA83299FDD570007DC7A /* Products */,
			);
			sourceTree = "<group>";
		};
		0CA4AA83299FDD570007DC7A /* Products */ = {
			isa = PBXGroup;
			children = (
				0CA4AA82299FDD570007DC7A /* Color Picker.app */,
			);
			name = Products;
			sourceTree = "<group>";
		};
		0CA4AA84299FDD570007DC7A /* Color Picker */ = {
			isa = PBXGroup;
			children = (
				0CA4AA96299FE3730007DC7A /* ViewModels */,
				0CA4AA95299FE36D0007DC7A /* Views */,
				0CA4AA94299FE35C0007DC7A /* Models */,
				0CA4AA85299FDD570007DC7A /* Color_PickerApp.swift */,
				0CA4AA89299FDD580007DC7A /* Assets.xcassets */,
				0CA4AA8B299FDD580007DC7A /* Color_Picker.entitlements */,
				0CA4AA8C299FDD580007DC7A /* Preview Content */,
				0CCAE6FE29A01FD300FE3B78 /* Colors.swift */,
			);
			path = "Color Picker";
			sourceTree = "<group>";
		};
		0CA4AA8C299FDD580007DC7A /* Preview Content */ = {
			isa = PBXGroup;
			children = (
				0CA4AA8D299FDD580007DC7A /* Preview Assets.xcassets */,
			);
			path = "Preview Content";
			sourceTree = "<group>";
		};
		0CA4AA94299FE35C0007DC7A /* Models */ = {
			isa = PBXGroup;
			children = (
				0CA4AA97299FE3B80007DC7A /* Picker.swift */,
			);
			path = Models;
			sourceTree = "<group>";
		};
		0CA4AA95299FE36D0007DC7A /* Views */ = {
			isa = PBXGroup;
			children = (
				0CA4AA87299FDD570007DC7A /* MenuView.swift */,
				0CA4AA9C299FE3E40007DC7A /* PickerView.swift */,
				0CCAE6FA29A01FB600FE3B78 /* PaletteView.swift */,
				0CCAE6FC29A01FBE00FE3B78 /* ColorView.swift */,
				0C4F471929A2B00A0052E637 /* AddColorView.swift */,
				0CF6024D29A6952300C5F691 /* RenameColorView.swift */,
				0C69114229A2DEF100ED8CA4 /* AddPaletteView.swift */,
				0C56748029A81012005F9018 /* ColorInputView.swift */,
			);
			path = Views;
			sourceTree = "<group>";
		};
		0CA4AA96299FE3730007DC7A /* ViewModels */ = {
			isa = PBXGroup;
			children = (
				0CA4AA9A299FE3CD0007DC7A /* PickerViewModel.swift */,
			);
			path = ViewModels;
			sourceTree = "<group>";
		};
/* End PBXGroup section */

/* Begin PBXNativeTarget section */
		0CA4AA81299FDD570007DC7A /* Color Picker */ = {
			isa = PBXNativeTarget;
			buildConfigurationList = 0CA4AA91299FDD580007DC7A /* Build configuration list for PBXNativeTarget "Color Picker" */;
			buildPhases = (
				0CA4AA7E299FDD570007DC7A /* Sources */,
				0CA4AA7F299FDD570007DC7A /* Frameworks */,
				0CA4AA80299FDD570007DC7A /* Resources */,
			);
			buildRules = (
			);
			dependencies = (
			);
			name = "Color Picker";
			productName = "Color Picker";
			productReference = 0CA4AA82299FDD570007DC7A /* Color Picker.app */;
			productType = "com.apple.product-type.application";
		};
/* End PBXNativeTarget section */

/* Begin PBXProject section */
		0CA4AA7A299FDD570007DC7A /* Project object */ = {
			isa = PBXProject;
			attributes = {
				BuildIndependentTargetsInParallel = 1;
				LastSwiftUpdateCheck = 1420;
				LastUpgradeCheck = 1420;
				TargetAttributes = {
					0CA4AA81299FDD570007DC7A = {
						CreatedOnToolsVersion = 14.2;
					};
				};
			};
			buildConfigurationList = 0CA4AA7D299FDD570007DC7A /* Build configuration list for PBXProject "Color Picker" */;
			compatibilityVersion = "Xcode 14.0";
			developmentRegion = en;
			hasScannedForEncodings = 0;
			knownRegions = (
				en,
				Base,
			);
			mainGroup = 0CA4AA79299FDD570007DC7A;
			productRefGroup = 0CA4AA83299FDD570007DC7A /* Products */;
			projectDirPath = "";
			projectRoot = "";
			targets = (
				0CA4AA81299FDD570007DC7A /* Color Picker */,
			);
		};
/* End PBXProject section */

/* Begin PBXResourcesBuildPhase section */
		0CA4AA80299FDD570007DC7A /* Resources */ = {
			isa = PBXResourcesBuildPhase;
			buildActionMask = 2147483647;
			files = (
				0CA4AA8E299FDD580007DC7A /* Preview Assets.xcassets in Resources */,
				0CA4AA8A299FDD580007DC7A /* Assets.xcassets in Resources */,
			);
			runOnlyForDeploymentPostprocessing = 0;
		};
/* End PBXResourcesBuildPhase section */

/* Begin PBXSourcesBuildPhase section */
		0CA4AA7E299FDD570007DC7A /* Sources */ = {
			isa = PBXSourcesBuildPhase;
			buildActionMask = 2147483647;
			files = (
				0CA4AA88299FDD570007DC7A /* MenuView.swift in Sources */,
				0CCAE6FF29A01FD300FE3B78 /* Colors.swift in Sources */,
				0CA4AA98299FE3B80007DC7A /* Picker.swift in Sources */,
				0CCAE6FD29A01FBE00FE3B78 /* ColorView.swift in Sources */,
				0C69114329A2DEF100ED8CA4 /* AddPaletteView.swift in Sources */,
				0C56748129A81012005F9018 /* ColorInputView.swift in Sources */,
				0CA4AA9B299FE3CD0007DC7A /* PickerViewModel.swift in Sources */,
				0C4F471A29A2B00A0052E637 /* AddColorView.swift in Sources */,
				0CF6024E29A6952300C5F691 /* RenameColorView.swift in Sources */,
				0CA4AA9D299FE3E40007DC7A /* PickerView.swift in Sources */,
				0CCAE6FB29A01FB600FE3B78 /* PaletteView.swift in Sources */,
				0CA4AA86299FDD570007DC7A /* Color_PickerApp.swift in Sources */,
			);
			runOnlyForDeploymentPostprocessing = 0;
		};
/* End PBXSourcesBuildPhase section */

/* Begin XCBuildConfiguration section */
		0CA4AA8F299FDD580007DC7A /* Debug */ = {
			isa = XCBuildConfiguration;
			buildSettings = {
				ALWAYS_SEARCH_USER_PATHS = NO;
				CLANG_ANALYZER_NONNULL = YES;
				CLANG_ANALYZER_NUMBER_OBJECT_CONVERSION = YES_AGGRESSIVE;
				CLANG_CXX_LANGUAGE_STANDARD = "gnu++20";
				CLANG_ENABLE_MODULES = YES;
				CLANG_ENABLE_OBJC_ARC = YES;
				CLANG_ENABLE_OBJC_WEAK = YES;
				CLANG_WARN_BLOCK_CAPTURE_AUTORELEASING = YES;
				CLANG_WARN_BOOL_CONVERSION = YES;
				CLANG_WARN_COMMA = YES;
				CLANG_WARN_CONSTANT_CONVERSION = YES;
				CLANG_WARN_DEPRECATED_OBJC_IMPLEMENTATIONS = YES;
				CLANG_WARN_DIRECT_OBJC_ISA_USAGE = YES_ERROR;
				CLANG_WARN_DOCUMENTATION_COMMENTS = YES;
				CLANG_WARN_EMPTY_BODY = YES;
				CLANG_WARN_ENUM_CONVERSION = YES;
				CLANG_WARN_INFINITE_RECURSION = YES;
				CLANG_WARN_INT_CONVERSION = YES;
				CLANG_WARN_NON_LITERAL_NULL_CONVERSION = YES;
				CLANG_WARN_OBJC_IMPLICIT_RETAIN_SELF = YES;
				CLANG_WARN_OBJC_LITERAL_CONVERSION = YES;
				CLANG_WARN_OBJC_ROOT_CLASS = YES_ERROR;
				CLANG_WARN_QUOTED_INCLUDE_IN_FRAMEWORK_HEADER = YES;
				CLANG_WARN_RANGE_LOOP_ANALYSIS = YES;
				CLANG_WARN_STRICT_PROTOTYPES = YES;
				CLANG_WARN_SUSPICIOUS_MOVE = YES;
				CLANG_WARN_UNGUARDED_AVAILABILITY = YES_AGGRESSIVE;
				CLANG_WARN_UNREACHABLE_CODE = YES;
				CLANG_WARN__DUPLICATE_METHOD_MATCH = YES;
				COPY_PHASE_STRIP = NO;
				DEBUG_INFORMATION_FORMAT = dwarf;
				ENABLE_STRICT_OBJC_MSGSEND = YES;
				ENABLE_TESTABILITY = YES;
				GCC_C_LANGUAGE_STANDARD = gnu11;
				GCC_DYNAMIC_NO_PIC = NO;
				GCC_NO_COMMON_BLOCKS = YES;
				GCC_OPTIMIZATION_LEVEL = 0;
				GCC_PREPROCESSOR_DEFINITIONS = (
					"DEBUG=1",
					"$(inherited)",
				);
				GCC_WARN_64_TO_32_BIT_CONVERSION = YES;
				GCC_WARN_ABOUT_RETURN_TYPE = YES_ERROR;
				GCC_WARN_UNDECLARED_SELECTOR = YES;
				GCC_WARN_UNINITIALIZED_AUTOS = YES_AGGRESSIVE;
				GCC_WARN_UNUSED_FUNCTION = YES;
				GCC_WARN_UNUSED_VARIABLE = YES;
				MTL_ENABLE_DEBUG_INFO = INCLUDE_SOURCE;
				MTL_FAST_MATH = YES;
				ONLY_ACTIVE_ARCH = YES;
				SWIFT_ACTIVE_COMPILATION_CONDITIONS = DEBUG;
				SWIFT_OPTIMIZATION_LEVEL = "-Onone";
			};
			name = Debug;
		};
		0CA4AA90299FDD580007DC7A /* Release */ = {
			isa = XCBuildConfiguration;
			buildSettings = {
				ALWAYS_SEARCH_USER_PATHS = NO;
				CLANG_ANALYZER_NONNULL = YES;
				CLANG_ANALYZER_NUMBER_OBJECT_CONVERSION = YES_AGGRESSIVE;
				CLANG_CXX_LANGUAGE_STANDARD = "gnu++20";
				CLANG_ENABLE_MODULES = YES;
				CLANG_ENABLE_OBJC_ARC = YES;
				CLANG_ENABLE_OBJC_WEAK = YES;
				CLANG_WARN_BLOCK_CAPTURE_AUTORELEASING = YES;
				CLANG_WARN_BOOL_CONVERSION = YES;
				CLANG_WARN_COMMA = YES;
				CLANG_WARN_CONSTANT_CONVERSION = YES;
				CLANG_WARN_DEPRECATED_OBJC_IMPLEMENTATIONS = YES;
				CLANG_WARN_DIRECT_OBJC_ISA_USAGE = YES_ERROR;
				CLANG_WARN_DOCUMENTATION_COMMENTS = YES;
				CLANG_WARN_EMPTY_BODY = YES;
				CLANG_WARN_ENUM_CONVERSION = YES;
				CLANG_WARN_INFINITE_RECURSION = YES;
				CLANG_WARN_INT_CONVERSION = YES;
				CLANG_WARN_NON_LITERAL_NULL_CONVERSION = YES;
				CLANG_WARN_OBJC_IMPLICIT_RETAIN_SELF = YES;
				CLANG_WARN_OBJC_LITERAL_CONVERSION = YES;
				CLANG_WARN_OBJC_ROOT_CLASS = YES_ERROR;
				CLANG_WARN_QUOTED_INCLUDE_IN_FRAMEWORK_HEADER = YES;
				CLANG_WARN_RANGE_LOOP_ANALYSIS = YES;
				CLANG_WARN_STRICT_PROTOTYPES = YES;
				CLANG_WARN_SUSPICIOUS_MOVE = YES;
				CLANG_WARN_UNGUARDED_AVAILABILITY = YES_AGGRESSIVE;
				CLANG_WARN_UNREACHABLE_CODE = YES;
				CLANG_WARN__DUPLICATE_METHOD_MATCH = YES;
				COPY_PHASE_STRIP = NO;
				DEBUG_INFORMATION_FORMAT = "dwarf-with-dsym";
				ENABLE_NS_ASSERTIONS = NO;
				ENABLE_STRICT_OBJC_MSGSEND = YES;
				GCC_C_LANGUAGE_STANDARD = gnu11;
				GCC_NO_COMMON_BLOCKS = YES;
				GCC_WARN_64_TO_32_BIT_CONVERSION = YES;
				GCC_WARN_ABOUT_RETURN_TYPE = YES_ERROR;
				GCC_WARN_UNDECLARED_SELECTOR = YES;
				GCC_WARN_UNINITIALIZED_AUTOS = YES_AGGRESSIVE;
				GCC_WARN_UNUSED_FUNCTION = YES;
				GCC_WARN_UNUSED_VARIABLE = YES;
				MTL_ENABLE_DEBUG_INFO = NO;
				MTL_FAST_MATH = YES;
				SWIFT_COMPILATION_MODE = wholemodule;
				SWIFT_OPTIMIZATION_LEVEL = "-O";
			};
			name = Release;
		};
		0CA4AA92299FDD580007DC7A /* Debug */ = {
			isa = XCBuildConfiguration;
			buildSettings = {
				ASSETCATALOG_COMPILER_APPICON_NAME = AppIcon;
				ASSETCATALOG_COMPILER_GLOBAL_ACCENT_COLOR_NAME = AccentColor;
				CODE_SIGN_ENTITLEMENTS = "Color Picker/Color_Picker.entitlements";
				CODE_SIGN_STYLE = Automatic;
				CURRENT_PROJECT_VERSION = 1;
				DEVELOPMENT_ASSET_PATHS = "\"Color Picker/Preview Content\"";
				DEVELOPMENT_TEAM = ZZFFNDQQPH;
				ENABLE_HARDENED_RUNTIME = YES;
				ENABLE_PREVIEWS = YES;
				GENERATE_INFOPLIST_FILE = YES;
				"INFOPLIST_KEY_UIApplicationSceneManifest_Generation[sdk=iphoneos*]" = YES;
				"INFOPLIST_KEY_UIApplicationSceneManifest_Generation[sdk=iphonesimulator*]" = YES;
				"INFOPLIST_KEY_UIApplicationSupportsIndirectInputEvents[sdk=iphoneos*]" = YES;
				"INFOPLIST_KEY_UIApplicationSupportsIndirectInputEvents[sdk=iphonesimulator*]" = YES;
				"INFOPLIST_KEY_UILaunchScreen_Generation[sdk=iphoneos*]" = YES;
				"INFOPLIST_KEY_UILaunchScreen_Generation[sdk=iphonesimulator*]" = YES;
				"INFOPLIST_KEY_UIStatusBarStyle[sdk=iphoneos*]" = UIStatusBarStyleDefault;
				"INFOPLIST_KEY_UIStatusBarStyle[sdk=iphonesimulator*]" = UIStatusBarStyleDefault;
				INFOPLIST_KEY_UISupportedInterfaceOrientations_iPad = "UIInterfaceOrientationPortrait UIInterfaceOrientationPortraitUpsideDown UIInterfaceOrientationLandscapeLeft UIInterfaceOrientationLandscapeRight";
				INFOPLIST_KEY_UISupportedInterfaceOrientations_iPhone = "UIInterfaceOrientationPortrait UIInterfaceOrientationLandscapeLeft UIInterfaceOrientationLandscapeRight";
				IPHONEOS_DEPLOYMENT_TARGET = 16.2;
				LD_RUNPATH_SEARCH_PATHS = "@executable_path/Frameworks";
				"LD_RUNPATH_SEARCH_PATHS[sdk=macosx*]" = "@executable_path/../Frameworks";
				MACOSX_DEPLOYMENT_TARGET = 13.1;
				MARKETING_VERSION = 1.0;
				PRODUCT_BUNDLE_IDENTIFIER = "com.Noah.Color-Picker";
				PRODUCT_NAME = "$(TARGET_NAME)";
				SDKROOT = auto;
				SUPPORTED_PLATFORMS = "iphoneos iphonesimulator macosx";
				SWIFT_EMIT_LOC_STRINGS = YES;
				SWIFT_VERSION = 5.0;
				TARGETED_DEVICE_FAMILY = "1,2";
			};
			name = Debug;
		};
		0CA4AA93299FDD580007DC7A /* Release */ = {
			isa = XCBuildConfiguration;
			buildSettings = {
				ASSETCATALOG_COMPILER_APPICON_NAME = AppIcon;
				ASSETCATALOG_COMPILER_GLOBAL_ACCENT_COLOR_NAME = AccentColor;
				CODE_SIGN_ENTITLEMENTS = "Color Picker/Color_Picker.entitlements";
				CODE_SIGN_STYLE = Automatic;
				CURRENT_PROJECT_VERSION = 1;
				DEVELOPMENT_ASSET_PATHS = "\"Color Picker/Preview Content\"";
				DEVELOPMENT_TEAM = ZZFFNDQQPH;
				ENABLE_HARDENED_RUNTIME = YES;
				ENABLE_PREVIEWS = YES;
				GENERATE_INFOPLIST_FILE = YES;
				"INFOPLIST_KEY_UIApplicationSceneManifest_Generation[sdk=iphoneos*]" = YES;
				"INFOPLIST_KEY_UIApplicationSceneManifest_Generation[sdk=iphonesimulator*]" = YES;
				"INFOPLIST_KEY_UIApplicationSupportsIndirectInputEvents[sdk=iphoneos*]" = YES;
				"INFOPLIST_KEY_UIApplicationSupportsIndirectInputEvents[sdk=iphonesimulator*]" = YES;
				"INFOPLIST_KEY_UILaunchScreen_Generation[sdk=iphoneos*]" = YES;
				"INFOPLIST_KEY_UILaunchScreen_Generation[sdk=iphonesimulator*]" = YES;
				"INFOPLIST_KEY_UIStatusBarStyle[sdk=iphoneos*]" = UIStatusBarStyleDefault;
				"INFOPLIST_KEY_UIStatusBarStyle[sdk=iphonesimulator*]" = UIStatusBarStyleDefault;
				INFOPLIST_KEY_UISupportedInterfaceOrientations_iPad = "UIInterfaceOrientationPortrait UIInterfaceOrientationPortraitUpsideDown UIInterfaceOrientationLandscapeLeft UIInterfaceOrientationLandscapeRight";
				INFOPLIST_KEY_UISupportedInterfaceOrientations_iPhone = "UIInterfaceOrientationPortrait UIInterfaceOrientationLandscapeLeft UIInterfaceOrientationLandscapeRight";
				IPHONEOS_DEPLOYMENT_TARGET = 16.2;
				LD_RUNPATH_SEARCH_PATHS = "@executable_path/Frameworks";
				"LD_RUNPATH_SEARCH_PATHS[sdk=macosx*]" = "@executable_path/../Frameworks";
				MACOSX_DEPLOYMENT_TARGET = 13.1;
				MARKETING_VERSION = 1.0;
				PRODUCT_BUNDLE_IDENTIFIER = "com.Noah.Color-Picker";
				PRODUCT_NAME = "$(TARGET_NAME)";
				SDKROOT = auto;
				SUPPORTED_PLATFORMS = "iphoneos iphonesimulator macosx";
				SWIFT_EMIT_LOC_STRINGS = YES;
				SWIFT_VERSION = 5.0;
				TARGETED_DEVICE_FAMILY = "1,2";
			};
			name = Release;
		};
/* End XCBuildConfiguration section */

/* Begin XCConfigurationList section */
		0CA4AA7D299FDD570007DC7A /* Build configuration list for PBXProject "Color Picker" */ = {
			isa = XCConfigurationList;
			buildConfigurations = (
				0CA4AA8F299FDD580007DC7A /* Debug */,
				0CA4AA90299FDD580007DC7A /* Release */,
			);
			defaultConfigurationIsVisible = 0;
			defaultConfigurationName = Release;
		};
		0CA4AA91299FDD580007DC7A /* Build configuration list for PBXNativeTarget "Color Picker" */ = {
			isa = XCConfigurationList;
			buildConfigurations = (
				0CA4AA92299FDD580007DC7A /* Debug */,
				0CA4AA93299FDD580007DC7A /* Release */,
			);
			defaultConfigurationIsVisible = 0;
			defaultConfigurationName = Release;
		};
/* End XCConfigurationList section */
	};
	rootObject = 0CA4AA7A299FDD570007DC7A /* Project object */;
}
